// !$*UTF8*$!
{
	archiveVersion = 1;
	classes = {
	};
	objectVersion = 46;
	objects = {

/* Begin PBXBuildFile section */
		D3FA50AA194A4E3D004DB72F /* AppDelegate.swift in Sources */ = {isa = PBXBuildFile; fileRef = D3FA50A9194A4E3D004DB72F /* AppDelegate.swift */; };
		D3FA50AD194A4E3D004DB72F /* firstapp.xcdatamodeld in Sources */ = {isa = PBXBuildFile; fileRef = D3FA50AB194A4E3D004DB72F /* firstapp.xcdatamodeld */; };
		D3FA50AF194A4E3D004DB72F /* ViewController.swift in Sources */ = {isa = PBXBuildFile; fileRef = D3FA50AE194A4E3D004DB72F /* ViewController.swift */; };
		D3FA50B2194A4E3D004DB72F /* Main.storyboard in Resources */ = {isa = PBXBuildFile; fileRef = D3FA50B0194A4E3D004DB72F /* Main.storyboard */; };
		D3FA50B4194A4E3D004DB72F /* Images.xcassets in Resources */ = {isa = PBXBuildFile; fileRef = D3FA50B3194A4E3D004DB72F /* Images.xcassets */; };
		D3FA50C0194A4E3D004DB72F /* firstappTests.swift in Sources */ = {isa = PBXBuildFile; fileRef = D3FA50BF194A4E3D004DB72F /* firstappTests.swift */; };
/* End PBXBuildFile section */

/* Begin PBXContainerItemProxy section */
		D3FA50BA194A4E3D004DB72F /* PBXContainerItemProxy */ = {
			isa = PBXContainerItemProxy;
			containerPortal = D3FA509C194A4E3D004DB72F /* Project object */;
			proxyType = 1;
			remoteGlobalIDString = D3FA50A3194A4E3D004DB72F;
			remoteInfo = firstapp;
		};
/* End PBXContainerItemProxy section */

/* Begin PBXFileReference section */
		D3FA50A4194A4E3D004DB72F /* firstapp.app */ = {isa = PBXFileReference; explicitFileType = wrapper.application; includeInIndex = 0; path = firstapp.app; sourceTree = BUILT_PRODUCTS_DIR; };
		D3FA50A8194A4E3D004DB72F /* Info.plist */ = {isa = PBXFileReference; lastKnownFileType = text.plist.xml; path = Info.plist; sourceTree = "<group>"; };
		D3FA50A9194A4E3D004DB72F /* AppDelegate.swift */ = {isa = PBXFileReference; lastKnownFileType = sourcecode.swift; path = AppDelegate.swift; sourceTree = "<group>"; };
		D3FA50AC194A4E3D004DB72F /* firstapp.xcdatamodel */ = {isa = PBXFileReference; lastKnownFileType = wrapper.xcdatamodel; path = firstapp.xcdatamodel; sourceTree = "<group>"; };
		D3FA50AE194A4E3D004DB72F /* ViewController.swift */ = {isa = PBXFileReference; lastKnownFileType = sourcecode.swift; path = ViewController.swift; sourceTree = "<group>"; };
		D3FA50B1194A4E3D004DB72F /* Base */ = {isa = PBXFileReference; lastKnownFileType = file.storyboard; name = Base; path = Base.lproj/Main.storyboard; sourceTree = "<group>"; };
		D3FA50B3194A4E3D004DB72F /* Images.xcassets */ = {isa = PBXFileReference; lastKnownFileType = folder.assetcatalog; path = Images.xcassets; sourceTree = "<group>"; };
		D3FA50B9194A4E3D004DB72F /* firstappTests.xctest */ = {isa = PBXFileReference; explicitFileType = wrapper.cfbundle; includeInIndex = 0; path = firstappTests.xctest; sourceTree = BUILT_PRODUCTS_DIR; };
		D3FA50BE194A4E3D004DB72F /* Info.plist */ = {isa = PBXFileReference; lastKnownFileType = text.plist.xml; path = Info.plist; sourceTree = "<group>"; };
		D3FA50BF194A4E3D004DB72F /* firstappTests.swift */ = {isa = PBXFileReference; lastKnownFileType = sourcecode.swift; path = firstappTests.swift; sourceTree = "<group>"; };
/* End PBXFileReference section */

/* Begin PBXFrameworksBuildPhase section */
		D3FA50A1194A4E3D004DB72F /* Frameworks */ = {
			isa = PBXFrameworksBuildPhase;
			buildActionMask = 2147483647;
			files = (
			);
			runOnlyForDeploymentPostprocessing = 0;
		};
		D3FA50B6194A4E3D004DB72F /* Frameworks */ = {
			isa = PBXFrameworksBuildPhase;
			buildActionMask = 2147483647;
			files = (
			);
			runOnlyForDeploymentPostprocessing = 0;
		};
/* End PBXFrameworksBuildPhase section */

/* Begin PBXGroup section */
		D3FA509B194A4E3D004DB72F = {
			isa = PBXGroup;
			children = (
				D3FA50A6194A4E3D004DB72F /* firstapp */,
				D3FA50BC194A4E3D004DB72F /* firstappTests */,
				D3FA50A5194A4E3D004DB72F /* Products */,
			);
			sourceTree = "<group>";
		};
		D3FA50A5194A4E3D004DB72F /* Products */ = {
			isa = PBXGroup;
			children = (
				D3FA50A4194A4E3D004DB72F /* firstapp.app */,
				D3FA50B9194A4E3D004DB72F /* firstappTests.xctest */,
			);
			name = Products;
			sourceTree = "<group>";
		};
		D3FA50A6194A4E3D004DB72F /* firstapp */ = {
			isa = PBXGroup;
			children = (
				D3FA50A9194A4E3D004DB72F /* AppDelegate.swift */,
				D3FA50AE194A4E3D004DB72F /* ViewController.swift */,
				D3FA50B0194A4E3D004DB72F /* Main.storyboard */,
				D3FA50B3194A4E3D004DB72F /* Images.xcassets */,
				D3FA50AB194A4E3D004DB72F /* firstapp.xcdatamodeld */,
				D3FA50A7194A4E3D004DB72F /* Supporting Files */,
			);
			path = firstapp;
			sourceTree = "<group>";
		};
		D3FA50A7194A4E3D004DB72F /* Supporting Files */ = {
			isa = PBXGroup;
			children = (
				D3FA50A8194A4E3D004DB72F /* Info.plist */,
			);
			name = "Supporting Files";
			sourceTree = "<group>";
		};
		D3FA50BC194A4E3D004DB72F /* firstappTests */ = {
			isa = PBXGroup;
			children = (
				D3FA50BF194A4E3D004DB72F /* firstappTests.swift */,
				D3FA50BD194A4E3D004DB72F /* Supporting Files */,
			);
			path = firstappTests;
			sourceTree = "<group>";
		};
		D3FA50BD194A4E3D004DB72F /* Supporting Files */ = {
			isa = PBXGroup;
			children = (
				D3FA50BE194A4E3D004DB72F /* Info.plist */,
			);
			name = "Supporting Files";
			sourceTree = "<group>";
		};
/* End PBXGroup section */

/* Begin PBXNativeTarget section */
		D3FA50A3194A4E3D004DB72F /* firstapp */ = {
			isa = PBXNativeTarget;
			buildConfigurationList = D3FA50C3194A4E3D004DB72F /* Build configuration list for PBXNativeTarget "firstapp" */;
			buildPhases = (
				D3FA50A0194A4E3D004DB72F /* Sources */,
				D3FA50A1194A4E3D004DB72F /* Frameworks */,
				D3FA50A2194A4E3D004DB72F /* Resources */,
			);
			buildRules = (
			);
			dependencies = (
			);
			name = firstapp;
			productName = firstapp;
			productReference = D3FA50A4194A4E3D004DB72F /* firstapp.app */;
			productType = "com.apple.product-type.application";
		};
		D3FA50B8194A4E3D004DB72F /* firstappTests */ = {
			isa = PBXNativeTarget;
			buildConfigurationList = D3FA50C6194A4E3D004DB72F /* Build configuration list for PBXNativeTarget "firstappTests" */;
			buildPhases = (
				D3FA50B5194A4E3D004DB72F /* Sources */,
				D3FA50B6194A4E3D004DB72F /* Frameworks */,
				D3FA50B7194A4E3D004DB72F /* Resources */,
			);
			buildRules = (
			);
			dependencies = (
				D3FA50BB194A4E3D004DB72F /* PBXTargetDependency */,
			);
			name = firstappTests;
			productName = firstappTests;
			productReference = D3FA50B9194A4E3D004DB72F /* firstappTests.xctest */;
			productType = "com.apple.product-type.bundle.unit-test";
		};
/* End PBXNativeTarget section */

/* Begin PBXProject section */
		D3FA509C194A4E3D004DB72F /* Project object */ = {
			isa = PBXProject;
			attributes = {
				LastUpgradeCheck = 0600;
				ORGANIZATIONNAME = "Brian Merritt";
				TargetAttributes = {
					D3FA50A3194A4E3D004DB72F = {
						CreatedOnToolsVersion = 6.0;
					};
					D3FA50B8194A4E3D004DB72F = {
						CreatedOnToolsVersion = 6.0;
						TestTargetID = D3FA50A3194A4E3D004DB72F;
					};
				};
			};
			buildConfigurationList = D3FA509F194A4E3D004DB72F /* Build configuration list for PBXProject "firstapp" */;
			compatibilityVersion = "Xcode 3.2";
			developmentRegion = English;
			hasScannedForEncodings = 0;
			knownRegions = (
				en,
				Base,
			);
			mainGroup = D3FA509B194A4E3D004DB72F;
			productRefGroup = D3FA50A5194A4E3D004DB72F /* Products */;
			projectDirPath = "";
			projectRoot = "";
			targets = (
				D3FA50A3194A4E3D004DB72F /* firstapp */,
				D3FA50B8194A4E3D004DB72F /* firstappTests */,
			);
		};
/* End PBXProject section */

/* Begin PBXResourcesBuildPhase section */
		D3FA50A2194A4E3D004DB72F /* Resources */ = {
			isa = PBXResourcesBuildPhase;
			buildActionMask = 2147483647;
			files = (
				D3FA50B2194A4E3D004DB72F /* Main.storyboard in Resources */,
				D3FA50B4194A4E3D004DB72F /* Images.xcassets in Resources */,
			);
			runOnlyForDeploymentPostprocessing = 0;
		};
		D3FA50B7194A4E3D004DB72F /* Resources */ = {
			isa = PBXResourcesBuildPhase;
			buildActionMask = 2147483647;
			files = (
			);
			runOnlyForDeploymentPostprocessing = 0;
		};
/* End PBXResourcesBuildPhase section */

/* Begin PBXSourcesBuildPhase section */
		D3FA50A0194A4E3D004DB72F /* Sources */ = {
			isa = PBXSourcesBuildPhase;
			buildActionMask = 2147483647;
			files = (
				D3FA50AF194A4E3D004DB72F /* ViewController.swift in Sources */,
				D3FA50AD194A4E3D004DB72F /* firstapp.xcdatamodeld in Sources */,
				D3FA50AA194A4E3D004DB72F /* AppDelegate.swift in Sources */,
			);
			runOnlyForDeploymentPostprocessing = 0;
		};
		D3FA50B5194A4E3D004DB72F /* Sources */ = {
			isa = PBXSourcesBuildPhase;
			buildActionMask = 2147483647;
			files = (
				D3FA50C0194A4E3D004DB72F /* firstappTests.swift in Sources */,
			);
			runOnlyForDeploymentPostprocessing = 0;
		};
/* End PBXSourcesBuildPhase section */

/* Begin PBXTargetDependency section */
		D3FA50BB194A4E3D004DB72F /* PBXTargetDependency */ = {
			isa = PBXTargetDependency;
			target = D3FA50A3194A4E3D004DB72F /* firstapp */;
			targetProxy = D3FA50BA194A4E3D004DB72F /* PBXContainerItemProxy */;
		};
/* End PBXTargetDependency section */

/* Begin PBXVariantGroup section */
		D3FA50B0194A4E3D004DB72F /* Main.storyboard */ = {
			isa = PBXVariantGroup;
			children = (
				D3FA50B1194A4E3D004DB72F /* Base */,
			);
			name = Main.storyboard;
			sourceTree = "<group>";
		};
/* End PBXVariantGroup section */

/* Begin XCBuildConfiguration section */
		D3FA50C1194A4E3D004DB72F /* Debug */ = {
			isa = XCBuildConfiguration;
			buildSettings = {
				ALWAYS_SEARCH_USER_PATHS = NO;
				CLANG_CXX_LANGUAGE_STANDARD = "gnu++0x";
				CLANG_CXX_LIBRARY = "libc++";
				CLANG_ENABLE_MODULES = YES;
				CLANG_ENABLE_OBJC_ARC = YES;
				CLANG_WARN_BOOL_CONVERSION = YES;
				CLANG_WARN_CONSTANT_CONVERSION = YES;
				CLANG_WARN_DIRECT_OBJC_ISA_USAGE = YES_ERROR;
				CLANG_WARN_EMPTY_BODY = YES;
				CLANG_WARN_ENUM_CONVERSION = YES;
				CLANG_WARN_INT_CONVERSION = YES;
				CLANG_WARN_OBJC_ROOT_CLASS = YES_ERROR;
				CLANG_WARN_UNREACHABLE_CODE = YES;
				CLANG_WARN__DUPLICATE_METHOD_MATCH = YES;
				"CODE_SIGN_IDENTITY[sdk=iphoneos*]" = "iPhone Developer";
				COPY_PHASE_STRIP = NO;
				ENABLE_STRICT_OBJC_MSGSEND = YES;
				GCC_C_LANGUAGE_STANDARD = gnu99;
				GCC_DYNAMIC_NO_PIC = NO;
				GCC_OPTIMIZATION_LEVEL = 0;
				GCC_PREPROCESSOR_DEFINITIONS = (
					"DEBUG=1",
					"$(inherited)",
				);
				GCC_SYMBOLS_PRIVATE_EXTERN = NO;
				GCC_WARN_64_TO_32_BIT_CONVERSION = YES;
				GCC_WARN_ABOUT_RETURN_TYPE = YES_ERROR;
				GCC_WARN_UNDECLARED_SELECTOR = YES;
				GCC_WARN_UNINITIALIZED_AUTOS = YES_AGGRESSIVE;
				GCC_WARN_UNUSED_FUNCTION = YES;
				GCC_WARN_UNUSED_VARIABLE = YES;
				IPHONEOS_DEPLOYMENT_TARGET = 8.0;
				METAL_ENABLE_DEBUG_INFO = YES;
				ONLY_ACTIVE_ARCH = YES;
				SDKROOT = iphoneos;
				SWIFT_OPTIMIZATION_LEVEL = "-Onone";
				TARGETED_DEVICE_FAMILY = "1,2";
			};
			name = Debug;
		};
		D3FA50C2194A4E3D004DB72F /* Release */ = {
			isa = XCBuildConfiguration;
			buildSettings = {
				ALWAYS_SEARCH_USER_PATHS = NO;
				CLANG_CXX_LANGUAGE_STANDARD = "gnu++0x";
				CLANG_CXX_LIBRARY = "libc++";
				CLANG_ENABLE_MODULES = YES;
				CLANG_ENABLE_OBJC_ARC = YES;
				CLANG_WARN_BOOL_CONVERSION = YES;
				CLANG_WARN_CONSTANT_CONVERSION = YES;
				CLANG_WARN_DIRECT_OBJC_ISA_USAGE = YES_ERROR;
				CLANG_WARN_EMPTY_BODY = YES;
				CLANG_WARN_ENUM_CONVERSION = YES;
				CLANG_WARN_INT_CONVERSION = YES;
				CLANG_WARN_OBJC_ROOT_CLASS = YES_ERROR;
				CLANG_WARN_UNREACHABLE_CODE = YES;
				CLANG_WARN__DUPLICATE_METHOD_MATCH = YES;
				"CODE_SIGN_IDENTITY[sdk=iphoneos*]" = "iPhone Developer";
				COPY_PHASE_STRIP = YES;
				ENABLE_NS_ASSERTIONS = NO;
				ENABLE_STRICT_OBJC_MSGSEND = YES;
				GCC_C_LANGUAGE_STANDARD = gnu99;
				GCC_WARN_64_TO_32_BIT_CONVERSION = YES;
				GCC_WARN_ABOUT_RETURN_TYPE = YES_ERROR;
				GCC_WARN_UNDECLARED_SELECTOR = YES;
				GCC_WARN_UNINITIALIZED_AUTOS = YES_AGGRESSIVE;
				GCC_WARN_UNUSED_FUNCTION = YES;
				GCC_WARN_UNUSED_VARIABLE = YES;
				IPHONEOS_DEPLOYMENT_TARGET = 8.0;
				METAL_ENABLE_DEBUG_INFO = NO;
				SDKROOT = iphoneos;
				TARGETED_DEVICE_FAMILY = "1,2";
				VALIDATE_PRODUCT = YES;
			};
			name = Release;
		};
		D3FA50C4194A4E3D004DB72F /* Debug */ = {
			isa = XCBuildConfiguration;
			buildSettings = {
				ASSETCATALOG_COMPILER_APPICON_NAME = AppIcon;
				ASSETCATALOG_COMPILER_LAUNCHIMAGE_NAME = LaunchImage;
				INFOPLIST_FILE = firstapp/Info.plist;
				LD_RUNPATH_SEARCH_PATHS = "$(inherited) @executable_path/Frameworks";
				PRODUCT_NAME = "$(TARGET_NAME)";
			};
			name = Debug;
		};
		D3FA50C5194A4E3D004DB72F /* Release */ = {
			isa = XCBuildConfiguration;
			buildSettings = {
				ASSETCATALOG_COMPILER_APPICON_NAME = AppIcon;
				ASSETCATALOG_COMPILER_LAUNCHIMAGE_NAME = LaunchImage;
				INFOPLIST_FILE = firstapp/Info.plist;
				LD_RUNPATH_SEARCH_PATHS = "$(inherited) @executable_path/Frameworks";
				PRODUCT_NAME = "$(TARGET_NAME)";
			};
			name = Release;
		};
		D3FA50C7194A4E3D004DB72F /* Debug */ = {
			isa = XCBuildConfiguration;
			buildSettings = {
				BUNDLE_LOADER = "$(BUILT_PRODUCTS_DIR)/firstapp.app/firstapp";
				FRAMEWORK_SEARCH_PATHS = (
					"$(SDKROOT)/Developer/Library/Frameworks",
					"$(inherited)",
				);
				GCC_PREPROCESSOR_DEFINITIONS = (
					"DEBUG=1",
					"$(inherited)",
				);
				INFOPLIST_FILE = firstappTests/Info.plist;
				LD_RUNPATH_SEARCH_PATHS = "$(inherited) @executable_path/Frameworks @loader_path/Frameworks";
				METAL_ENABLE_DEBUG_INFO = YES;
				PRODUCT_NAME = "$(TARGET_NAME)";
				TEST_HOST = "$(BUNDLE_LOADER)";
			};
			name = Debug;
		};
		D3FA50C8194A4E3D004DB72F /* Release */ = {
			isa = XCBuildConfiguration;
			buildSettings = {
				BUNDLE_LOADER = "$(BUILT_PRODUCTS_DIR)/firstapp.app/firstapp";
				FRAMEWORK_SEARCH_PATHS = (
					"$(SDKROOT)/Developer/Library/Frameworks",
					"$(inherited)",
				);
				INFOPLIST_FILE = firstappTests/Info.plist;
				LD_RUNPATH_SEARCH_PATHS = "$(inherited) @executable_path/Frameworks @loader_path/Frameworks";
				METAL_ENABLE_DEBUG_INFO = NO;
				PRODUCT_NAME = "$(TARGET_NAME)";
				TEST_HOST = "$(BUNDLE_LOADER)";
			};
			name = Release;
		};
/* End XCBuildConfiguration section */

/* Begin XCConfigurationList section */
		D3FA509F194A4E3D004DB72F /* Build configuration list for PBXProject "firstapp" */ = {
			isa = XCConfigurationList;
			buildConfigurations = (
				D3FA50C1194A4E3D004DB72F /* Debug */,
				D3FA50C2194A4E3D004DB72F /* Release */,
			);
			defaultConfigurationIsVisible = 0;
			defaultConfigurationName = Release;
		};
		D3FA50C3194A4E3D004DB72F /* Build configuration list for PBXNativeTarget "firstapp" */ = {
			isa = XCConfigurationList;
			buildConfigurations = (
				D3FA50C4194A4E3D004DB72F /* Debug */,
				D3FA50C5194A4E3D004DB72F /* Release */,
			);
			defaultConfigurationIsVisible = 0;
		};
		D3FA50C6194A4E3D004DB72F /* Build configuration list for PBXNativeTarget "firstappTests" */ = {
			isa = XCConfigurationList;
			buildConfigurations = (
				D3FA50C7194A4E3D004DB72F /* Debug */,
				D3FA50C8194A4E3D004DB72F /* Release */,
			);
			defaultConfigurationIsVisible = 0;
		};
/* End XCConfigurationList section */

/* Begin XCVersionGroup section */
		D3FA50AB194A4E3D004DB72F /* firstapp.xcdatamodeld */ = {
			isa = XCVersionGroup;
			children = (
				D3FA50AC194A4E3D004DB72F /* firstapp.xcdatamodel */,
			);
			currentVersion = D3FA50AC194A4E3D004DB72F /* firstapp.xcdatamodel */;
			path = firstapp.xcdatamodeld;
			sourceTree = "<group>";
			versionGroupType = wrapper.xcdatamodel;
		};
/* End XCVersionGroup section */
	};
	rootObject = D3FA509C194A4E3D004DB72F /* Project object */;
}
